
Microsoft Visual Studio Solution File, Format Version 12.00
# Visual Studio 14
VisualStudioVersion = 14.0.25123.0
MinimumVisualStudioVersion = 10.0.40219.1
Project("{FAE04EC0-301F-11D3-BF4B-00C04F79EFBC}") = "Auction", "Auction\Auction.csproj", "{B8FB44A3-030C-4968-A517-2A8DA5315557}"
EndProject
Project("{2150E333-8FDC-42A3-9474-1A3956D46DE8}") = "DAO", "DAO", "{67DE8900-A13F-40D1-8E24-8D92CDAEA949}"
EndProject
Project("{2150E333-8FDC-42A3-9474-1A3956D46DE8}") = "PL", "PL", "{A1F167B2-0EDC-4BA2-B862-B269FD8F80DB}"
EndProject
Project("{2150E333-8FDC-42A3-9474-1A3956D46DE8}") = "BLL", "BLL", "{23FF8C22-BA0D-472F-943E-EADAFBAC202F}"
EndProject
Project("{FAE04EC0-301F-11D3-BF4B-00C04F79EFBC}") = "AuctionDaoSql", "DAOSQLSERVER\AuctionDaoSql.csproj", "{16390CA2-AA67-4A09-B97E-AD9890746242}"
EndProject
Project("{2150E333-8FDC-42A3-9474-1A3956D46DE8}") = "Common", "Common", "{97A20FC1-788A-4503-BB90-47F3512F7900}"
EndProject
Project("{FAE04EC0-301F-11D3-BF4B-00C04F79EFBC}") = "Common", "Common\Common.csproj", "{6B258E0D-258E-4EE5-BD2F-C7439232BEE7}"
EndProject
Project("{FAE04EC0-301F-11D3-BF4B-00C04F79EFBC}") = "DaoContracts", "DaoContracts\DaoContracts.csproj", "{953BE394-3E9B-468B-9A45-FF8B7443CA86}"
EndProject
Project("{FAE04EC0-301F-11D3-BF4B-00C04F79EFBC}") = "AuctionBLL", "ProductsBLL\AuctionBLL.csproj", "{8CB53E60-6199-4C76-89F4-D205CC17AE4C}"
EndProject
Project("{FAE04EC0-301F-11D3-BF4B-00C04F79EFBC}") = "BllContracts", "BLLContracts\BllContracts.csproj", "{A8B4039B-DE2E-4E11-B7D0-F50934A67216}"
EndProject
Global
	GlobalSection(SolutionConfigurationPlatforms) = preSolution
		Debug|Any CPU = Debug|Any CPU
		Release|Any CPU = Release|Any CPU
	EndGlobalSection
	GlobalSection(ProjectConfigurationPlatforms) = postSolution
		{B8FB44A3-030C-4968-A517-2A8DA5315557}.Debug|Any CPU.ActiveCfg = Debug|Any CPU
		{B8FB44A3-030C-4968-A517-2A8DA5315557}.Debug|Any CPU.Build.0 = Debug|Any CPU
		{B8FB44A3-030C-4968-A517-2A8DA5315557}.Release|Any CPU.ActiveCfg = Release|Any CPU
		{B8FB44A3-030C-4968-A517-2A8DA5315557}.Release|Any CPU.Build.0 = Release|Any CPU
		{16390CA2-AA67-4A09-B97E-AD9890746242}.Debug|Any CPU.ActiveCfg = Debug|Any CPU
		{16390CA2-AA67-4A09-B97E-AD9890746242}.Debug|Any CPU.Build.0 = Debug|Any CPU
		{16390CA2-AA67-4A09-B97E-AD9890746242}.Release|Any CPU.ActiveCfg = Release|Any CPU
		{16390CA2-AA67-4A09-B97E-AD9890746242}.Release|Any CPU.Build.0 = Release|Any CPU
		{6B258E0D-258E-4EE5-BD2F-C7439232BEE7}.Debug|Any CPU.ActiveCfg = Debug|Any CPU
		{6B258E0D-258E-4EE5-BD2F-C7439232BEE7}.Debug|Any CPU.Build.0 = Debug|Any CPU
		{6B258E0D-258E-4EE5-BD2F-C7439232BEE7}.Release|Any CPU.ActiveCfg = Release|Any CPU
		{6B258E0D-258E-4EE5-BD2F-C7439232BEE7}.Release|Any CPU.Build.0 = Release|Any CPU
		{953BE394-3E9B-468B-9A45-FF8B7443CA86}.Debug|Any CPU.ActiveCfg = Debug|Any CPU
		{953BE394-3E9B-468B-9A45-FF8B7443CA86}.Debug|Any CPU.Build.0 = Debug|Any CPU
		{953BE394-3E9B-468B-9A45-FF8B7443CA86}.Release|Any CPU.ActiveCfg = Release|Any CPU
		{953BE394-3E9B-468B-9A45-FF8B7443CA86}.Release|Any CPU.Build.0 = Release|Any CPU
		{8CB53E60-6199-4C76-89F4-D205CC17AE4C}.Debug|Any CPU.ActiveCfg = Debug|Any CPU
		{8CB53E60-6199-4C76-89F4-D205CC17AE4C}.Debug|Any CPU.Build.0 = Debug|Any CPU
		{8CB53E60-6199-4C76-89F4-D205CC17AE4C}.Release|Any CPU.ActiveCfg = Release|Any CPU
		{8CB53E60-6199-4C76-89F4-D205CC17AE4C}.Release|Any CPU.Build.0 = Release|Any CPU
		{A8B4039B-DE2E-4E11-B7D0-F50934A67216}.Debug|Any CPU.ActiveCfg = Debug|Any CPU
		{A8B4039B-DE2E-4E11-B7D0-F50934A67216}.Debug|Any CPU.Build.0 = Debug|Any CPU
		{A8B4039B-DE2E-4E11-B7D0-F50934A67216}.Release|Any CPU.ActiveCfg = Release|Any CPU
		{A8B4039B-DE2E-4E11-B7D0-F50934A67216}.Release|Any CPU.Build.0 = Release|Any CPU
	EndGlobalSection
	GlobalSection(SolutionProperties) = preSolution
		HideSolutionNode = FALSE
	EndGlobalSection
	GlobalSection(NestedProjects) = preSolution
		{B8FB44A3-030C-4968-A517-2A8DA5315557} = {A1F167B2-0EDC-4BA2-B862-B269FD8F80DB}
		{16390CA2-AA67-4A09-B97E-AD9890746242} = {67DE8900-A13F-40D1-8E24-8D92CDAEA949}
		{6B258E0D-258E-4EE5-BD2F-C7439232BEE7} = {97A20FC1-788A-4503-BB90-47F3512F7900}
		{953BE394-3E9B-468B-9A45-FF8B7443CA86} = {67DE8900-A13F-40D1-8E24-8D92CDAEA949}
		{8CB53E60-6199-4C76-89F4-D205CC17AE4C} = {23FF8C22-BA0D-472F-943E-EADAFBAC202F}
		{A8B4039B-DE2E-4E11-B7D0-F50934A67216} = {23FF8C22-BA0D-472F-943E-EADAFBAC202F}
	EndGlobalSection
EndGlobal
